
Microsoft Visual Studio Solution File, Format Version 12.00
# Visual Studio Version 17
VisualStudioVersion = 17.11.35327.3
MinimumVisualStudioVersion = 10.0.40219.1
Project("{FAE04EC0-301F-11D3-BF4B-00C04F79EFBC}") = "Ext_IronXL_Project", "Ext_IronXL_Project.csproj", "{FCF20CA1-0573-4777-8F16-DA907A2DDDFB}"
EndProject
Global
	GlobalSection(SolutionConfigurationPlatforms) = preSolution
		Debug|Any CPU = Debug|Any CPU
		Release|Any CPU = Release|Any CPU
	EndGlobalSection
	GlobalSection(ProjectConfigurationPlatforms) = postSolution
		{FCF20CA1-0573-4777-8F16-DA907A2DDDFB}.Debug|Any CPU.ActiveCfg = Debug|Any CPU
		{FCF20CA1-0573-4777-8F16-DA907A2DDDFB}.Debug|Any CPU.Build.0 = Debug|Any CPU
		{FCF20CA1-0573-4777-8F16-DA907A2DDDFB}.Release|Any CPU.ActiveCfg = Release|Any CPU
		{FCF20CA1-0573-4777-8F16-DA907A2DDDFB}.Release|Any CPU.Build.0 = Release|Any CPU
	EndGlobalSection
	GlobalSection(SolutionProperties) = preSolution
		HideSolutionNode = FALSE
	EndGlobalSection
	GlobalSection(ExtensibilityGlobals) = postSolution
		SolutionGuid = {8917FEAC-E0A4-4972-B986-F57DECD43CDD}
	EndGlobalSection
EndGlobal
